
Microsoft Visual Studio Solution File, Format Version 12.00
# Visual Studio Version 16
VisualStudioVersion = 16.0.34931.43
MinimumVisualStudioVersion = 10.0.40219.1
Project("{FAE04EC0-301F-11D3-BF4B-00C04F79EFBC}") = "ConsoleApp6", "ConsoleApp6.csproj", "{22E48998-A103-4E4C-8020-F72DC2443200}"
EndProject
Global
	GlobalSection(SolutionConfigurationPlatforms) = preSolution
		Debug|Any CPU = Debug|Any CPU
		Release|Any CPU = Release|Any CPU
	EndGlobalSection
	GlobalSection(ProjectConfigurationPlatforms) = postSolution
		{22E48998-A103-4E4C-8020-F72DC2443200}.Debug|Any CPU.ActiveCfg = Debug|Any CPU
		{22E48998-A103-4E4C-8020-F72DC2443200}.Debug|Any CPU.Build.0 = Debug|Any CPU
		{22E48998-A103-4E4C-8020-F72DC2443200}.Release|Any CPU.ActiveCfg = Release|Any CPU
		{22E48998-A103-4E4C-8020-F72DC2443200}.Release|Any CPU.Build.0 = Release|Any CPU
	EndGlobalSection
	GlobalSection(SolutionProperties) = preSolution
		HideSolutionNode = FALSE
	EndGlobalSection
	GlobalSection(ExtensibilityGlobals) = postSolution
		SolutionGuid = {6C56D357-41A9-4E1E-9C39-41D151CCA780}
	EndGlobalSection
EndGlobal
